
Microsoft Visual Studio Solution File, Format Version 12.00
# Visual Studio Version 16
VisualStudioVersion = 16.0.30804.86
MinimumVisualStudioVersion = 10.0.40219.1
Project("{9A19103F-16F7-4668-BE54-9A1E7A4F7556}") = "Diplomacy", "src\Diplomacy.csproj", "{ED52DD18-045A-4C8B-BD01-633990275AD7}"
EndProject
Global
	GlobalSection(SolutionConfigurationPlatforms) = preSolution
		Beta_Debug|x64 = Beta_Debug|x64
		Beta_Release|x64 = Beta_Release|x64
		Stable_Debug|x64 = Stable_Debug|x64
		Stable_Release|x64 = Stable_Release|x64
	EndGlobalSection
	GlobalSection(ProjectConfigurationPlatforms) = postSolution
		{ED52DD18-045A-4C8B-BD01-633990275AD7}.Beta_Debug|x64.ActiveCfg = Beta_Debug|x64
		{ED52DD18-045A-4C8B-BD01-633990275AD7}.Beta_Debug|x64.Build.0 = Beta_Debug|x64
		{ED52DD18-045A-4C8B-BD01-633990275AD7}.Beta_Release|x64.ActiveCfg = Beta_Release|x64
		{ED52DD18-045A-4C8B-BD01-633990275AD7}.Beta_Release|x64.Build.0 = Beta_Release|x64
		{ED52DD18-045A-4C8B-BD01-633990275AD7}.Stable_Debug|x64.ActiveCfg = Stable_Debug|x64
		{ED52DD18-045A-4C8B-BD01-633990275AD7}.Stable_Debug|x64.Build.0 = Stable_Debug|x64
		{ED52DD18-045A-4C8B-BD01-633990275AD7}.Stable_Release|x64.ActiveCfg = Stable_Release|x64
		{ED52DD18-045A-4C8B-BD01-633990275AD7}.Stable_Release|x64.Build.0 = Stable_Release|x64
	EndGlobalSection
	GlobalSection(SolutionProperties) = preSolution
		HideSolutionNode = FALSE
	EndGlobalSection
	GlobalSection(ExtensibilityGlobals) = postSolution
		SolutionGuid = {B0EF0CBE-F797-40A0-90DF-EF7FF9C445B3}
	EndGlobalSection
EndGlobal
