
Microsoft Visual Studio Solution File, Format Version 12.00
# Visual Studio Version 16
VisualStudioVersion = 16.0.30907.101
MinimumVisualStudioVersion = 10.0.40219.1
Project("{9A19103F-16F7-4668-BE54-9A1E7A4F7556}") = "Diplomacy", "Diplomacy.csproj", "{23764F91-DA63-4FDF-BF3E-1434878066E6}"
EndProject
Global
	GlobalSection(SolutionConfigurationPlatforms) = preSolution
		Beta_Debug|x64 = Beta_Debug|x64
		Beta_Release|x64 = Beta_Release|x64
		Stable_Debug|x64 = Stable_Debug|x64
		Stable_Release|x64 = Stable_Release|x64
	EndGlobalSection
	GlobalSection(ProjectConfigurationPlatforms) = postSolution
		{23764F91-DA63-4FDF-BF3E-1434878066E6}.Beta_Debug|x64.ActiveCfg = Beta_Debug|x64
		{23764F91-DA63-4FDF-BF3E-1434878066E6}.Beta_Debug|x64.Build.0 = Beta_Debug|x64
		{23764F91-DA63-4FDF-BF3E-1434878066E6}.Beta_Release|x64.ActiveCfg = Beta_Release|x64
		{23764F91-DA63-4FDF-BF3E-1434878066E6}.Beta_Release|x64.Build.0 = Beta_Release|x64
		{23764F91-DA63-4FDF-BF3E-1434878066E6}.Stable_Debug|x64.ActiveCfg = Stable_Debug|x64
		{23764F91-DA63-4FDF-BF3E-1434878066E6}.Stable_Debug|x64.Build.0 = Stable_Debug|x64
		{23764F91-DA63-4FDF-BF3E-1434878066E6}.Stable_Release|x64.ActiveCfg = Stable_Release|x64
		{23764F91-DA63-4FDF-BF3E-1434878066E6}.Stable_Release|x64.Build.0 = Stable_Release|x64
	EndGlobalSection
	GlobalSection(SolutionProperties) = preSolution
		HideSolutionNode = FALSE
	EndGlobalSection
	GlobalSection(ExtensibilityGlobals) = postSolution
		SolutionGuid = {2BE25DC4-AE62-4753-BD96-C6DC6D35537F}
	EndGlobalSection
EndGlobal
